
Microsoft Visual Studio Solution File, Format Version 12.00
# Visual Studio Version 17
VisualStudioVersion = 17.4.33122.133
MinimumVisualStudioVersion = 10.0.40219.1
Project("{FAE04EC0-301F-11D3-BF4B-00C04F79EFBC}") = "api.DapperService", "api.DapperService.csproj", "{F0E90357-9A42-4381-BF07-49D9E536C853}"
EndProject
Project("{2150E333-8FDC-42A3-9474-1A3956D46DE8}") = "Solution Items", "Solution Items", "{3EA3193A-369D-4EE2-A234-A4B46C48C572}"
	ProjectSection(SolutionItems) = preProject
		.editorconfig = .editorconfig
	EndProjectSection
EndProject
Global
	GlobalSection(SolutionConfigurationPlatforms) = preSolution
		Debug|Any CPU = Debug|Any CPU
		Release|Any CPU = Release|Any CPU
	EndGlobalSection
	GlobalSection(ProjectConfigurationPlatforms) = postSolution
		{F0E90357-9A42-4381-BF07-49D9E536C853}.Debug|Any CPU.ActiveCfg = Debug|Any CPU
		{F0E90357-9A42-4381-BF07-49D9E536C853}.Debug|Any CPU.Build.0 = Debug|Any CPU
		{F0E90357-9A42-4381-BF07-49D9E536C853}.Release|Any CPU.ActiveCfg = Release|Any CPU
		{F0E90357-9A42-4381-BF07-49D9E536C853}.Release|Any CPU.Build.0 = Release|Any CPU
	EndGlobalSection
	GlobalSection(SolutionProperties) = preSolution
		HideSolutionNode = FALSE
	EndGlobalSection
	GlobalSection(ExtensibilityGlobals) = postSolution
		SolutionGuid = {EF3AE2A9-7F09-48AB-886A-64981ADBA19C}
	EndGlobalSection
EndGlobal
